{
    "_readme": [
        "This file locks the dependencies of your project to a known state",
        "Read more about it at https://getcomposer.org/doc/01-basic-usage.md#composer-lock-the-lock-file",
        "This file is @generated automatically"
    ],
    "content-hash": "048d04c45fbb712949623fbe20d18bc6",
    "packages": [
        {
            "name": "javanile/producer",
            "version": "0.0.18",
            "source": {
                "type": "git",
                "url": "https://github.com/Javanile/Producer.git",
                "reference": "0a629ecad5c88276138a74a6ee73a7348568f718"
            },
            "dist": {
                "type": "zip",
                "url": "https://api.github.com/repos/Javanile/Producer/zipball/0a629ecad5c88276138a74a6ee73a7348568f718",
                "reference": "0a629ecad5c88276138a74a6ee73a7348568f718",
                "shasum": ""
            },
            "require": {
                "php": "^5.3.6 || >=7.0 <7.2"
            },
            "require-dev": {
                "codeclimate/php-test-reporter": "dev-master",
                "phpunit/phpunit": "^5.7"
            },
            "bin": [
                "bin/producer"
            ],
            "type": "application",
            "autoload": {
                "classmap": [
                    "src/Producer.php"
                ],
                "psr-4": {
                    "Javanile\\Producer\\Commands\\": "cmd"
                }
            },
            "notification-url": "https://packagist.org/downloads/",
            "license": [
                "MIT"
            ],
            "authors": [
                {
                    "name": "Francesco Bianco",
                    "email": "bianco@javanile.org"
                }
            ],
            "description": "Produce your vendor code everywhere",
            "time": "2017-03-10T01:47:49+00:00"
        }
    ],
    "packages-dev": [],
    "aliases": [],
    "minimum-stability": "stable",
    "stability-flags": [],
    "prefer-stable": false,
    "prefer-lowest": false,
    "platform": [],
    "platform-dev": []
}
